
Microsoft Visual Studio Solution File, Format Version 12.00
# Visual Studio 15
VisualStudioVersion = 15.0.28010.0
MinimumVisualStudioVersion = 10.0.40219.1
Project("{8BC9CEB8-8B4A-11D0-8D11-00A0C91BC942}") = "LinkedList2", "LinkedList2\LinkedList2.vcxproj", "{EEF33A9F-3498-4331-8180-AA28FB0A200E}"
EndProject
Global
	GlobalSection(SolutionConfigurationPlatforms) = preSolution
		Debug|x64 = Debug|x64
		Debug|x86 = Debug|x86
		Release|x64 = Release|x64
		Release|x86 = Release|x86
	EndGlobalSection
	GlobalSection(ProjectConfigurationPlatforms) = postSolution
		{EEF33A9F-3498-4331-8180-AA28FB0A200E}.Debug|x64.ActiveCfg = Debug|x64
		{EEF33A9F-3498-4331-8180-AA28FB0A200E}.Debug|x64.Build.0 = Debug|x64
		{EEF33A9F-3498-4331-8180-AA28FB0A200E}.Debug|x86.ActiveCfg = Debug|Win32
		{EEF33A9F-3498-4331-8180-AA28FB0A200E}.Debug|x86.Build.0 = Debug|Win32
		{EEF33A9F-3498-4331-8180-AA28FB0A200E}.Release|x64.ActiveCfg = Release|x64
		{EEF33A9F-3498-4331-8180-AA28FB0A200E}.Release|x64.Build.0 = Release|x64
		{EEF33A9F-3498-4331-8180-AA28FB0A200E}.Release|x86.ActiveCfg = Release|Win32
		{EEF33A9F-3498-4331-8180-AA28FB0A200E}.Release|x86.Build.0 = Release|Win32
	EndGlobalSection
	GlobalSection(SolutionProperties) = preSolution
		HideSolutionNode = FALSE
	EndGlobalSection
	GlobalSection(ExtensibilityGlobals) = postSolution
		SolutionGuid = {20BD4A79-ED34-49CF-BF38-47864C818DC5}
	EndGlobalSection
EndGlobal
